
Microsoft Visual Studio Solution File, Format Version 12.00
# Visual Studio Version 17
VisualStudioVersion = 17.9.34701.34
MinimumVisualStudioVersion = 10.0.40219.1
Project("{FAE04EC0-301F-11D3-BF4B-00C04F79EFBC}") = "DemoBlazorCRUDOperationsWithDotNet8", "DemoBlazorCRUDOperationsWithDotNet8\DemoBlazorCRUDOperationsWithDotNet8.csproj", "{03F9E120-32BB-47B9-B7A5-7550EE07510F}"
EndProject
Project("{FAE04EC0-301F-11D3-BF4B-00C04F79EFBC}") = "DemoBlazorCRUDOperationsWithDotNet8.Client", "DemoBlazorCRUDOperationsWithDotNet8.Client\DemoBlazorCRUDOperationsWithDotNet8.Client.csproj", "{39379F26-84FB-47E6-B729-D6AD1E1F885E}"
EndProject
Project("{FAE04EC0-301F-11D3-BF4B-00C04F79EFBC}") = "SharedLibrary", "..\SharedLibrary\SharedLibrary.csproj", "{FF96554A-D2F8-4A6A-A9D6-4FB0DBDDD286}"
EndProject
Global
	GlobalSection(SolutionConfigurationPlatforms) = preSolution
		Debug|Any CPU = Debug|Any CPU
		Release|Any CPU = Release|Any CPU
	EndGlobalSection
	GlobalSection(ProjectConfigurationPlatforms) = postSolution
		{03F9E120-32BB-47B9-B7A5-7550EE07510F}.Debug|Any CPU.ActiveCfg = Debug|Any CPU
		{03F9E120-32BB-47B9-B7A5-7550EE07510F}.Debug|Any CPU.Build.0 = Debug|Any CPU
		{03F9E120-32BB-47B9-B7A5-7550EE07510F}.Release|Any CPU.ActiveCfg = Release|Any CPU
		{03F9E120-32BB-47B9-B7A5-7550EE07510F}.Release|Any CPU.Build.0 = Release|Any CPU
		{39379F26-84FB-47E6-B729-D6AD1E1F885E}.Debug|Any CPU.ActiveCfg = Debug|Any CPU
		{39379F26-84FB-47E6-B729-D6AD1E1F885E}.Debug|Any CPU.Build.0 = Debug|Any CPU
		{39379F26-84FB-47E6-B729-D6AD1E1F885E}.Release|Any CPU.ActiveCfg = Release|Any CPU
		{39379F26-84FB-47E6-B729-D6AD1E1F885E}.Release|Any CPU.Build.0 = Release|Any CPU
		{FF96554A-D2F8-4A6A-A9D6-4FB0DBDDD286}.Debug|Any CPU.ActiveCfg = Debug|Any CPU
		{FF96554A-D2F8-4A6A-A9D6-4FB0DBDDD286}.Debug|Any CPU.Build.0 = Debug|Any CPU
		{FF96554A-D2F8-4A6A-A9D6-4FB0DBDDD286}.Release|Any CPU.ActiveCfg = Release|Any CPU
		{FF96554A-D2F8-4A6A-A9D6-4FB0DBDDD286}.Release|Any CPU.Build.0 = Release|Any CPU
	EndGlobalSection
	GlobalSection(SolutionProperties) = preSolution
		HideSolutionNode = FALSE
	EndGlobalSection
	GlobalSection(ExtensibilityGlobals) = postSolution
		SolutionGuid = {63372C87-DCC8-4EF4-959F-B21D79DA0967}
	EndGlobalSection
EndGlobal
